
Microsoft Visual Studio Solution File, Format Version 12.00
Project("{FAE04EC0-301F-11D3-BF4B-00C04F79EFBC}") = "ADFNet.Core", "ADFNet.Core\ADFNet.Core.csproj", "{283760A5-D4F8-4F22-B164-E472DC98275D}"
EndProject
Project("{FAE04EC0-301F-11D3-BF4B-00C04F79EFBC}") = "ADFNet.Core.Tests", "ADFNet.Core.Tests\ADFNet.Core.Tests.csproj", "{FD232D04-9F1C-4D57-993A-D249A71ED360}"
EndProject
Project("{FAE04EC0-301F-11D3-BF4B-00C04F79EFBC}") = "ADFNet.OrgMode", "ADFNet.OrgMode\ADFNet.OrgMode.csproj", "{D7F302BA-549B-4DC5-9635-0E21FAF9A86A}"
EndProject
Project("{FAE04EC0-301F-11D3-BF4B-00C04F79EFBC}") = "ADFNet.OrgMode.Tests", "ADFNet.OrgMode.Tests\ADFNet.OrgMode.Tests.csproj", "{66FDA8AF-534A-404B-BC0E-1AEE13FD089E}"
EndProject
Project("{FAE04EC0-301F-11D3-BF4B-00C04F79EFBC}") = "ADFNet.Json", "ADFNet.Json\ADFNet.Json.csproj", "{78318F6E-A12B-4DFF-86AC-9ECC9647D16E}"
EndProject
Project("{2150E333-8FDC-42A3-9474-1A3956D46DE8}") = "Tests", "Tests", "{0F5A281B-A675-4DFB-AE1C-3B712523CF23}"
EndProject
Project("{FAE04EC0-301F-11D3-BF4B-00C04F79EFBC}") = "ADFNet.Json.Tests", "ADFNet.Json.Tests\ADFNet.Json.Tests.csproj", "{C7E14821-3AEF-4747-874A-13F99C2C0398}"
EndProject
Global
	GlobalSection(SolutionConfigurationPlatforms) = preSolution
		Debug|Any CPU = Debug|Any CPU
		Release|Any CPU = Release|Any CPU
	EndGlobalSection
	GlobalSection(ProjectConfigurationPlatforms) = postSolution
		{283760A5-D4F8-4F22-B164-E472DC98275D}.Debug|Any CPU.ActiveCfg = Debug|Any CPU
		{283760A5-D4F8-4F22-B164-E472DC98275D}.Debug|Any CPU.Build.0 = Debug|Any CPU
		{283760A5-D4F8-4F22-B164-E472DC98275D}.Release|Any CPU.ActiveCfg = Release|Any CPU
		{283760A5-D4F8-4F22-B164-E472DC98275D}.Release|Any CPU.Build.0 = Release|Any CPU
		{FD232D04-9F1C-4D57-993A-D249A71ED360}.Debug|Any CPU.ActiveCfg = Debug|Any CPU
		{FD232D04-9F1C-4D57-993A-D249A71ED360}.Debug|Any CPU.Build.0 = Debug|Any CPU
		{FD232D04-9F1C-4D57-993A-D249A71ED360}.Release|Any CPU.ActiveCfg = Release|Any CPU
		{FD232D04-9F1C-4D57-993A-D249A71ED360}.Release|Any CPU.Build.0 = Release|Any CPU
		{D7F302BA-549B-4DC5-9635-0E21FAF9A86A}.Debug|Any CPU.ActiveCfg = Debug|Any CPU
		{D7F302BA-549B-4DC5-9635-0E21FAF9A86A}.Debug|Any CPU.Build.0 = Debug|Any CPU
		{D7F302BA-549B-4DC5-9635-0E21FAF9A86A}.Release|Any CPU.ActiveCfg = Release|Any CPU
		{D7F302BA-549B-4DC5-9635-0E21FAF9A86A}.Release|Any CPU.Build.0 = Release|Any CPU
		{66FDA8AF-534A-404B-BC0E-1AEE13FD089E}.Debug|Any CPU.ActiveCfg = Debug|Any CPU
		{66FDA8AF-534A-404B-BC0E-1AEE13FD089E}.Debug|Any CPU.Build.0 = Debug|Any CPU
		{66FDA8AF-534A-404B-BC0E-1AEE13FD089E}.Release|Any CPU.ActiveCfg = Release|Any CPU
		{66FDA8AF-534A-404B-BC0E-1AEE13FD089E}.Release|Any CPU.Build.0 = Release|Any CPU
		{78318F6E-A12B-4DFF-86AC-9ECC9647D16E}.Debug|Any CPU.ActiveCfg = Debug|Any CPU
		{78318F6E-A12B-4DFF-86AC-9ECC9647D16E}.Debug|Any CPU.Build.0 = Debug|Any CPU
		{78318F6E-A12B-4DFF-86AC-9ECC9647D16E}.Release|Any CPU.ActiveCfg = Release|Any CPU
		{78318F6E-A12B-4DFF-86AC-9ECC9647D16E}.Release|Any CPU.Build.0 = Release|Any CPU
		{C7E14821-3AEF-4747-874A-13F99C2C0398}.Debug|Any CPU.ActiveCfg = Debug|Any CPU
		{C7E14821-3AEF-4747-874A-13F99C2C0398}.Debug|Any CPU.Build.0 = Debug|Any CPU
		{C7E14821-3AEF-4747-874A-13F99C2C0398}.Release|Any CPU.ActiveCfg = Release|Any CPU
		{C7E14821-3AEF-4747-874A-13F99C2C0398}.Release|Any CPU.Build.0 = Release|Any CPU
	EndGlobalSection
	GlobalSection(NestedProjects) = preSolution
		{FD232D04-9F1C-4D57-993A-D249A71ED360} = {0F5A281B-A675-4DFB-AE1C-3B712523CF23}
		{66FDA8AF-534A-404B-BC0E-1AEE13FD089E} = {0F5A281B-A675-4DFB-AE1C-3B712523CF23}
		{C7E14821-3AEF-4747-874A-13F99C2C0398} = {0F5A281B-A675-4DFB-AE1C-3B712523CF23}
	EndGlobalSection
EndGlobal
